
Microsoft Visual Studio Solution File, Format Version 12.00
# Visual Studio Version 17
VisualStudioVersion = 17.3.32819.101
MinimumVisualStudioVersion = 10.0.40219.1
Project("{9A19103F-16F7-4668-BE54-9A1E7A4F7556}") = "WebApplication3", "WebApplication3.csproj", "{16DDB707-53A8-4478-BCC9-90A0C71D9EF2}"
EndProject
Project("{FAE04EC0-301F-11D3-BF4B-00C04F79EFBC}") = "Ioc", "..\Ioc\Ioc.csproj", "{20D8E736-759D-478A-AD34-7150B42B67FD}"
EndProject
Project("{FAE04EC0-301F-11D3-BF4B-00C04F79EFBC}") = "Aplication", "..\Aplication\Aplication.csproj", "{B3570527-F044-4EC5-BB65-03F5490EC22E}"
EndProject
Project("{FAE04EC0-301F-11D3-BF4B-00C04F79EFBC}") = "DataLayer", "..\DataLayer\DataLayer.csproj", "{43FF5B4D-49AF-4276-A756-8800F9E3ACA6}"
EndProject
Project("{FAE04EC0-301F-11D3-BF4B-00C04F79EFBC}") = "Domain", "..\Domain\Domain.csproj", "{C1913A90-44C9-4CF0-8BF0-A43B4300A2CA}"
EndProject
Global
	GlobalSection(SolutionConfigurationPlatforms) = preSolution
		Debug|Any CPU = Debug|Any CPU
		Release|Any CPU = Release|Any CPU
	EndGlobalSection
	GlobalSection(ProjectConfigurationPlatforms) = postSolution
		{16DDB707-53A8-4478-BCC9-90A0C71D9EF2}.Debug|Any CPU.ActiveCfg = Debug|Any CPU
		{16DDB707-53A8-4478-BCC9-90A0C71D9EF2}.Debug|Any CPU.Build.0 = Debug|Any CPU
		{16DDB707-53A8-4478-BCC9-90A0C71D9EF2}.Release|Any CPU.ActiveCfg = Release|Any CPU
		{16DDB707-53A8-4478-BCC9-90A0C71D9EF2}.Release|Any CPU.Build.0 = Release|Any CPU
		{20D8E736-759D-478A-AD34-7150B42B67FD}.Debug|Any CPU.ActiveCfg = Debug|Any CPU
		{20D8E736-759D-478A-AD34-7150B42B67FD}.Debug|Any CPU.Build.0 = Debug|Any CPU
		{20D8E736-759D-478A-AD34-7150B42B67FD}.Release|Any CPU.ActiveCfg = Release|Any CPU
		{20D8E736-759D-478A-AD34-7150B42B67FD}.Release|Any CPU.Build.0 = Release|Any CPU
		{B3570527-F044-4EC5-BB65-03F5490EC22E}.Debug|Any CPU.ActiveCfg = Debug|Any CPU
		{B3570527-F044-4EC5-BB65-03F5490EC22E}.Debug|Any CPU.Build.0 = Debug|Any CPU
		{B3570527-F044-4EC5-BB65-03F5490EC22E}.Release|Any CPU.ActiveCfg = Release|Any CPU
		{B3570527-F044-4EC5-BB65-03F5490EC22E}.Release|Any CPU.Build.0 = Release|Any CPU
		{43FF5B4D-49AF-4276-A756-8800F9E3ACA6}.Debug|Any CPU.ActiveCfg = Debug|Any CPU
		{43FF5B4D-49AF-4276-A756-8800F9E3ACA6}.Debug|Any CPU.Build.0 = Debug|Any CPU
		{43FF5B4D-49AF-4276-A756-8800F9E3ACA6}.Release|Any CPU.ActiveCfg = Release|Any CPU
		{43FF5B4D-49AF-4276-A756-8800F9E3ACA6}.Release|Any CPU.Build.0 = Release|Any CPU
		{C1913A90-44C9-4CF0-8BF0-A43B4300A2CA}.Debug|Any CPU.ActiveCfg = Debug|Any CPU
		{C1913A90-44C9-4CF0-8BF0-A43B4300A2CA}.Debug|Any CPU.Build.0 = Debug|Any CPU
		{C1913A90-44C9-4CF0-8BF0-A43B4300A2CA}.Release|Any CPU.ActiveCfg = Release|Any CPU
		{C1913A90-44C9-4CF0-8BF0-A43B4300A2CA}.Release|Any CPU.Build.0 = Release|Any CPU
	EndGlobalSection
	GlobalSection(SolutionProperties) = preSolution
		HideSolutionNode = FALSE
	EndGlobalSection
	GlobalSection(ExtensibilityGlobals) = postSolution
		SolutionGuid = {05904129-389C-4EC0-ADB2-DDBE631397C0}
	EndGlobalSection
EndGlobal
